PODS:
  - PeerConnectivity (0.5.4)

DEPENDENCIES:
  - PeerConnectivity (~> 0.5.4)

SPEC REPOS:
  https://github.com/cocoapods/specs.git:
    - PeerConnectivity

SPEC CHECKSUMS:
  PeerConnectivity: 4f526bb5930279cf952424fd37cc7c76f549aa34

PODFILE CHECKSUM: 7f6d2f0f20b9af3177c4cf95e173551bdd850674

COCOAPODS: 1.5.3
